{
  "name": "qr-project-database-tests",
  "lockfileVersion": 3,
  "requires": true,
  "packages": {
    "": {
      "name": "qr-project-database-tests",
      "version": "1.0.0",
      "devDependencies": {
        "@electric-sql/pglite": "0.4.1"
      }
    },
    "node_modules/@electric-sql/pglite": {
      "version": "0.4.1",
      "resolved": "https://registry.npmjs.org/@electric-sql/pglite/-/pglite-0.4.1.tgz",
      "integrity": "sha512-mZ9NzzUSYPOCnxHH1oAHPRzoMFJHY472raDKwXl/+6oPbpdJ7g8LsCN4FSaIIfkiCKHhb3iF/Zqo3NYxaIhU7Q==",
      "license": "Apache-2.0",
      "dev": true
    }
  },
  "version": "1.0.0"
}
